
Microsoft Visual Studio Solution File, Format Version 12.00
# Visual Studio Version 17
VisualStudioVersion = 17.11.35312.102
MinimumVisualStudioVersion = 10.0.40219.1
Project("{9A19103F-16F7-4668-BE54-9A1E7A4F7556}") = "ProductAPI", "ProductAPI\ProductAPI.csproj", "{11FB8455-D412-4757-B35C-95F01F2E6F99}"
EndProject
Project("{FAE04EC0-301F-11D3-BF4B-00C04F79EFBC}") = "ProductAPI.Controller.Test", "ControllerTest\ProductAPI.Controller.Test.csproj", "{660A3A13-9BB1-44A9-AF0A-3C6CE97AB871}"
EndProject
Project("{FAE04EC0-301F-11D3-BF4B-00C04F79EFBC}") = "ProductAPI.Model.Test", "ProductAPI.Model.Test\ProductAPI.Model.Test.csproj", "{DA9B1B7D-8B95-4EB8-9C83-32D1131CF4C2}"
EndProject
Project("{FAE04EC0-301F-11D3-BF4B-00C04F79EFBC}") = "ProductAPI.CustomMiddleware.Test", "ProductAPI.CustomMiddleware.Test\ProductAPI.CustomMiddleware.Test.csproj", "{244ACF2E-A26D-4C6A-B5D3-108B50B8BFAB}"
EndProject
Project("{FAE04EC0-301F-11D3-BF4B-00C04F79EFBC}") = "ProductAPI.EHMiddleware.Test", "ProductAPI.EHMiddleware.Test\ProductAPI.EHMiddleware.Test.csproj", "{D16F6039-1E64-4C77-A587-F2636FFE0E30}"
EndProject
Global
	GlobalSection(SolutionConfigurationPlatforms) = preSolution
		Debug|Any CPU = Debug|Any CPU
		Release|Any CPU = Release|Any CPU
	EndGlobalSection
	GlobalSection(ProjectConfigurationPlatforms) = postSolution
		{11FB8455-D412-4757-B35C-95F01F2E6F99}.Debug|Any CPU.ActiveCfg = Debug|Any CPU
		{11FB8455-D412-4757-B35C-95F01F2E6F99}.Debug|Any CPU.Build.0 = Debug|Any CPU
		{11FB8455-D412-4757-B35C-95F01F2E6F99}.Release|Any CPU.ActiveCfg = Release|Any CPU
		{11FB8455-D412-4757-B35C-95F01F2E6F99}.Release|Any CPU.Build.0 = Release|Any CPU
		{660A3A13-9BB1-44A9-AF0A-3C6CE97AB871}.Debug|Any CPU.ActiveCfg = Debug|Any CPU
		{660A3A13-9BB1-44A9-AF0A-3C6CE97AB871}.Debug|Any CPU.Build.0 = Debug|Any CPU
		{660A3A13-9BB1-44A9-AF0A-3C6CE97AB871}.Release|Any CPU.ActiveCfg = Release|Any CPU
		{660A3A13-9BB1-44A9-AF0A-3C6CE97AB871}.Release|Any CPU.Build.0 = Release|Any CPU
		{DA9B1B7D-8B95-4EB8-9C83-32D1131CF4C2}.Debug|Any CPU.ActiveCfg = Debug|Any CPU
		{DA9B1B7D-8B95-4EB8-9C83-32D1131CF4C2}.Debug|Any CPU.Build.0 = Debug|Any CPU
		{DA9B1B7D-8B95-4EB8-9C83-32D1131CF4C2}.Release|Any CPU.ActiveCfg = Release|Any CPU
		{DA9B1B7D-8B95-4EB8-9C83-32D1131CF4C2}.Release|Any CPU.Build.0 = Release|Any CPU
		{244ACF2E-A26D-4C6A-B5D3-108B50B8BFAB}.Debug|Any CPU.ActiveCfg = Debug|Any CPU
		{244ACF2E-A26D-4C6A-B5D3-108B50B8BFAB}.Debug|Any CPU.Build.0 = Debug|Any CPU
		{244ACF2E-A26D-4C6A-B5D3-108B50B8BFAB}.Release|Any CPU.ActiveCfg = Release|Any CPU
		{244ACF2E-A26D-4C6A-B5D3-108B50B8BFAB}.Release|Any CPU.Build.0 = Release|Any CPU
		{D16F6039-1E64-4C77-A587-F2636FFE0E30}.Debug|Any CPU.ActiveCfg = Debug|Any CPU
		{D16F6039-1E64-4C77-A587-F2636FFE0E30}.Debug|Any CPU.Build.0 = Debug|Any CPU
		{D16F6039-1E64-4C77-A587-F2636FFE0E30}.Release|Any CPU.ActiveCfg = Release|Any CPU
		{D16F6039-1E64-4C77-A587-F2636FFE0E30}.Release|Any CPU.Build.0 = Release|Any CPU
	EndGlobalSection
	GlobalSection(SolutionProperties) = preSolution
		HideSolutionNode = FALSE
	EndGlobalSection
	GlobalSection(ExtensibilityGlobals) = postSolution
		SolutionGuid = {75E14DCA-6E75-42A6-9B34-16080165DA3E}
	EndGlobalSection
EndGlobal
